// !$*UTF8*$!
{
	archiveVersion = 1;
	classes = {
	};
	objectVersion = 50;
	objects = {

/* Begin PBXBuildFile section */
		EE4B6D94261E3A2E0098B000 /* GridsApp.swift in Sources */ = {isa = PBXBuildFile; fileRef = EE4B6D93261E3A2E0098B000 /* GridsApp.swift */; };
		EE4B6D96261E3A2E0098B000 /* ContentView.swift in Sources */ = {isa = PBXBuildFile; fileRef = EE4B6D95261E3A2E0098B000 /* ContentView.swift */; };
		EE4B6D98261E3A300098B000 /* Assets.xcassets in Resources */ = {isa = PBXBuildFile; fileRef = EE4B6D97261E3A300098B000 /* Assets.xcassets */; };
		EE4B6D9B261E3A300098B000 /* Preview Assets.xcassets in Resources */ = {isa = PBXBuildFile; fileRef = EE4B6D9A261E3A300098B000 /* Preview Assets.xcassets */; };
		EE4B6DA6261E3A300098B000 /* GridsTests.swift in Sources */ = {isa = PBXBuildFile; fileRef = EE4B6DA5261E3A300098B000 /* GridsTests.swift */; };
		EE4B6DB1261E3A310098B000 /* GridsUITests.swift in Sources */ = {isa = PBXBuildFile; fileRef = EE4B6DB0261E3A310098B000 /* GridsUITests.swift */; };
		EE4B6DC2261E3DF00098B000 /* Models.swift in Sources */ = {isa = PBXBuildFile; fileRef = EE4B6DC1261E3DF00098B000 /* Models.swift */; };
/* End PBXBuildFile section */

/* Begin PBXContainerItemProxy section */
		EE4B6DA2261E3A300098B000 /* PBXContainerItemProxy */ = {
			isa = PBXContainerItemProxy;
			containerPortal = EE4B6D88261E3A2E0098B000 /* Project object */;
			proxyType = 1;
			remoteGlobalIDString = EE4B6D8F261E3A2E0098B000;
			remoteInfo = Grids;
		};
		EE4B6DAD261E3A310098B000 /* PBXContainerItemProxy */ = {
			isa = PBXContainerItemProxy;
			containerPortal = EE4B6D88261E3A2E0098B000 /* Project object */;
			proxyType = 1;
			remoteGlobalIDString = EE4B6D8F261E3A2E0098B000;
			remoteInfo = Grids;
		};
/* End PBXContainerItemProxy section */

/* Begin PBXFileReference section */
		EE4B6D90261E3A2E0098B000 /* Grids.app */ = {isa = PBXFileReference; explicitFileType = wrapper.application; includeInIndex = 0; path = Grids.app; sourceTree = BUILT_PRODUCTS_DIR; };
		EE4B6D93261E3A2E0098B000 /* GridsApp.swift */ = {isa = PBXFileReference; lastKnownFileType = sourcecode.swift; path = GridsApp.swift; sourceTree = "<group>"; };
		EE4B6D95261E3A2E0098B000 /* ContentView.swift */ = {isa = PBXFileReference; lastKnownFileType = sourcecode.swift; path = ContentView.swift; sourceTree = "<group>"; };
		EE4B6D97261E3A300098B000 /* Assets.xcassets */ = {isa = PBXFileReference; lastKnownFileType = folder.assetcatalog; path = Assets.xcassets; sourceTree = "<group>"; };
		EE4B6D9A261E3A300098B000 /* Preview Assets.xcassets */ = {isa = PBXFileReference; lastKnownFileType = folder.assetcatalog; path = "Preview Assets.xcassets"; sourceTree = "<group>"; };
		EE4B6D9C261E3A300098B000 /* Info.plist */ = {isa = PBXFileReference; lastKnownFileType = text.plist.xml; path = Info.plist; sourceTree = "<group>"; };
		EE4B6DA1261E3A300098B000 /* GridsTests.xctest */ = {isa = PBXFileReference; explicitFileType = wrapper.cfbundle; includeInIndex = 0; path = GridsTests.xctest; sourceTree = BUILT_PRODUCTS_DIR; };
		EE4B6DA5261E3A300098B000 /* GridsTests.swift */ = {isa = PBXFileReference; lastKnownFileType = sourcecode.swift; path = GridsTests.swift; sourceTree = "<group>"; };
		EE4B6DA7261E3A300098B000 /* Info.plist */ = {isa = PBXFileReference; lastKnownFileType = text.plist.xml; path = Info.plist; sourceTree = "<group>"; };
		EE4B6DAC261E3A310098B000 /* GridsUITests.xctest */ = {isa = PBXFileReference; explicitFileType = wrapper.cfbundle; includeInIndex = 0; path = GridsUITests.xctest; sourceTree = BUILT_PRODUCTS_DIR; };
		EE4B6DB0261E3A310098B000 /* GridsUITests.swift */ = {isa = PBXFileReference; lastKnownFileType = sourcecode.swift; path = GridsUITests.swift; sourceTree = "<group>"; };
		EE4B6DB2261E3A310098B000 /* Info.plist */ = {isa = PBXFileReference; lastKnownFileType = text.plist.xml; path = Info.plist; sourceTree = "<group>"; };
		EE4B6DC1261E3DF00098B000 /* Models.swift */ = {isa = PBXFileReference; lastKnownFileType = sourcecode.swift; path = Models.swift; sourceTree = "<group>"; };
/* End PBXFileReference section */

/* Begin PBXFrameworksBuildPhase section */
		EE4B6D8D261E3A2E0098B000 /* Frameworks */ = {
			isa = PBXFrameworksBuildPhase;
			buildActionMask = 2147483647;
			files = (
			);
			runOnlyForDeploymentPostprocessing = 0;
		};
		EE4B6D9E261E3A300098B000 /* Frameworks */ = {
			isa = PBXFrameworksBuildPhase;
			buildActionMask = 2147483647;
			files = (
			);
			runOnlyForDeploymentPostprocessing = 0;
		};
		EE4B6DA9261E3A310098B000 /* Frameworks */ = {
			isa = PBXFrameworksBuildPhase;
			buildActionMask = 2147483647;
			files = (
			);
			runOnlyForDeploymentPostprocessing = 0;
		};
/* End PBXFrameworksBuildPhase section */

/* Begin PBXGroup section */
		EE4B6D87261E3A2E0098B000 = {
			isa = PBXGroup;
			children = (
				EE4B6D92261E3A2E0098B000 /* Grids */,
				EE4B6DA4261E3A300098B000 /* GridsTests */,
				EE4B6DAF261E3A310098B000 /* GridsUITests */,
				EE4B6D91261E3A2E0098B000 /* Products */,
			);
			sourceTree = "<group>";
		};
		EE4B6D91261E3A2E0098B000 /* Products */ = {
			isa = PBXGroup;
			children = (
				EE4B6D90261E3A2E0098B000 /* Grids.app */,
				EE4B6DA1261E3A300098B000 /* GridsTests.xctest */,
				EE4B6DAC261E3A310098B000 /* GridsUITests.xctest */,
			);
			name = Products;
			sourceTree = "<group>";
		};
		EE4B6D92261E3A2E0098B000 /* Grids */ = {
			isa = PBXGroup;
			children = (
				EE4B6D93261E3A2E0098B000 /* GridsApp.swift */,
				EE4B6D95261E3A2E0098B000 /* ContentView.swift */,
				EE4B6DC1261E3DF00098B000 /* Models.swift */,
				EE4B6D97261E3A300098B000 /* Assets.xcassets */,
				EE4B6D9C261E3A300098B000 /* Info.plist */,
				EE4B6D99261E3A300098B000 /* Preview Content */,
			);
			path = Grids;
			sourceTree = "<group>";
		};
		EE4B6D99261E3A300098B000 /* Preview Content */ = {
			isa = PBXGroup;
			children = (
				EE4B6D9A261E3A300098B000 /* Preview Assets.xcassets */,
			);
			path = "Preview Content";
			sourceTree = "<group>";
		};
		EE4B6DA4261E3A300098B000 /* GridsTests */ = {
			isa = PBXGroup;
			children = (
				EE4B6DA5261E3A300098B000 /* GridsTests.swift */,
				EE4B6DA7261E3A300098B000 /* Info.plist */,
			);
			path = GridsTests;
			sourceTree = "<group>";
		};
		EE4B6DAF261E3A310098B000 /* GridsUITests */ = {
			isa = PBXGroup;
			children = (
				EE4B6DB0261E3A310098B000 /* GridsUITests.swift */,
				EE4B6DB2261E3A310098B000 /* Info.plist */,
			);
			path = GridsUITests;
			sourceTree = "<group>";
		};
/* End PBXGroup section */

/* Begin PBXNativeTarget section */
		EE4B6D8F261E3A2E0098B000 /* Grids */ = {
			isa = PBXNativeTarget;
			buildConfigurationList = EE4B6DB5261E3A310098B000 /* Build configuration list for PBXNativeTarget "Grids" */;
			buildPhases = (
				EE4B6D8C261E3A2E0098B000 /* Sources */,
				EE4B6D8D261E3A2E0098B000 /* Frameworks */,
				EE4B6D8E261E3A2E0098B000 /* Resources */,
			);
			buildRules = (
			);
			dependencies = (
			);
			name = Grids;
			productName = Grids;
			productReference = EE4B6D90261E3A2E0098B000 /* Grids.app */;
			productType = "com.apple.product-type.application";
		};
		EE4B6DA0261E3A300098B000 /* GridsTests */ = {
			isa = PBXNativeTarget;
			buildConfigurationList = EE4B6DB8261E3A310098B000 /* Build configuration list for PBXNativeTarget "GridsTests" */;
			buildPhases = (
				EE4B6D9D261E3A300098B000 /* Sources */,
				EE4B6D9E261E3A300098B000 /* Frameworks */,
				EE4B6D9F261E3A300098B000 /* Resources */,
			);
			buildRules = (
			);
			dependencies = (
				EE4B6DA3261E3A300098B000 /* PBXTargetDependency */,
			);
			name = GridsTests;
			productName = GridsTests;
			productReference = EE4B6DA1261E3A300098B000 /* GridsTests.xctest */;
			productType = "com.apple.product-type.bundle.unit-test";
		};
		EE4B6DAB261E3A310098B000 /* GridsUITests */ = {
			isa = PBXNativeTarget;
			buildConfigurationList = EE4B6DBB261E3A310098B000 /* Build configuration list for PBXNativeTarget "GridsUITests" */;
			buildPhases = (
				EE4B6DA8261E3A310098B000 /* Sources */,
				EE4B6DA9261E3A310098B000 /* Frameworks */,
				EE4B6DAA261E3A310098B000 /* Resources */,
			);
			buildRules = (
			);
			dependencies = (
				EE4B6DAE261E3A310098B000 /* PBXTargetDependency */,
			);
			name = GridsUITests;
			productName = GridsUITests;
			productReference = EE4B6DAC261E3A310098B000 /* GridsUITests.xctest */;
			productType = "com.apple.product-type.bundle.ui-testing";
		};
/* End PBXNativeTarget section */

/* Begin PBXProject section */
		EE4B6D88261E3A2E0098B000 /* Project object */ = {
			isa = PBXProject;
			attributes = {
				LastSwiftUpdateCheck = 1240;
				LastUpgradeCheck = 1240;
				TargetAttributes = {
					EE4B6D8F261E3A2E0098B000 = {
						CreatedOnToolsVersion = 12.4;
					};
					EE4B6DA0261E3A300098B000 = {
						CreatedOnToolsVersion = 12.4;
						TestTargetID = EE4B6D8F261E3A2E0098B000;
					};
					EE4B6DAB261E3A310098B000 = {
						CreatedOnToolsVersion = 12.4;
						TestTargetID = EE4B6D8F261E3A2E0098B000;
					};
				};
			};
			buildConfigurationList = EE4B6D8B261E3A2E0098B000 /* Build configuration list for PBXProject "Grids" */;
			compatibilityVersion = "Xcode 9.3";
			developmentRegion = en;
			hasScannedForEncodings = 0;
			knownRegions = (
				en,
				Base,
			);
			mainGroup = EE4B6D87261E3A2E0098B000;
			productRefGroup = EE4B6D91261E3A2E0098B000 /* Products */;
			projectDirPath = "";
			projectRoot = "";
			targets = (
				EE4B6D8F261E3A2E0098B000 /* Grids */,
				EE4B6DA0261E3A300098B000 /* GridsTests */,
				EE4B6DAB261E3A310098B000 /* GridsUITests */,
			);
		};
/* End PBXProject section */

/* Begin PBXResourcesBuildPhase section */
		EE4B6D8E261E3A2E0098B000 /* Resources */ = {
			isa = PBXResourcesBuildPhase;
			buildActionMask = 2147483647;
			files = (
				EE4B6D9B261E3A300098B000 /* Preview Assets.xcassets in Resources */,
				EE4B6D98261E3A300098B000 /* Assets.xcassets in Resources */,
			);
			runOnlyForDeploymentPostprocessing = 0;
		};
		EE4B6D9F261E3A300098B000 /* Resources */ = {
			isa = PBXResourcesBuildPhase;
			buildActionMask = 2147483647;
			files = (
			);
			runOnlyForDeploymentPostprocessing = 0;
		};
		EE4B6DAA261E3A310098B000 /* Resources */ = {
			isa = PBXResourcesBuildPhase;
			buildActionMask = 2147483647;
			files = (
			);
			runOnlyForDeploymentPostprocessing = 0;
		};
/* End PBXResourcesBuildPhase section */

/* Begin PBXSourcesBuildPhase section */
		EE4B6D8C261E3A2E0098B000 /* Sources */ = {
			isa = PBXSourcesBuildPhase;
			buildActionMask = 2147483647;
			files = (
				EE4B6DC2261E3DF00098B000 /* Models.swift in Sources */,
				EE4B6D96261E3A2E0098B000 /* ContentView.swift in Sources */,
				EE4B6D94261E3A2E0098B000 /* GridsApp.swift in Sources */,
			);
			runOnlyForDeploymentPostprocessing = 0;
		};
		EE4B6D9D261E3A300098B000 /* Sources */ = {
			isa = PBXSourcesBuildPhase;
			buildActionMask = 2147483647;
			files = (
				EE4B6DA6261E3A300098B000 /* GridsTests.swift in Sources */,
			);
			runOnlyForDeploymentPostprocessing = 0;
		};
		EE4B6DA8261E3A310098B000 /* Sources */ = {
			isa = PBXSourcesBuildPhase;
			buildActionMask = 2147483647;
			files = (
				EE4B6DB1261E3A310098B000 /* GridsUITests.swift in Sources */,
			);
			runOnlyForDeploymentPostprocessing = 0;
		};
/* End PBXSourcesBuildPhase section */

/* Begin PBXTargetDependency section */
		EE4B6DA3261E3A300098B000 /* PBXTargetDependency */ = {
			isa = PBXTargetDependency;
			target = EE4B6D8F261E3A2E0098B000 /* Grids */;
			targetProxy = EE4B6DA2261E3A300098B000 /* PBXContainerItemProxy */;
		};
		EE4B6DAE261E3A310098B000 /* PBXTargetDependency */ = {
			isa = PBXTargetDependency;
			target = EE4B6D8F261E3A2E0098B000 /* Grids */;
			targetProxy = EE4B6DAD261E3A310098B000 /* PBXContainerItemProxy */;
		};
/* End PBXTargetDependency section */

/* Begin XCBuildConfiguration section */
		EE4B6DB3261E3A310098B000 /* Debug */ = {
			isa = XCBuildConfiguration;
			buildSettings = {
				ALWAYS_SEARCH_USER_PATHS = NO;
				CLANG_ANALYZER_NONNULL = YES;
				CLANG_ANALYZER_NUMBER_OBJECT_CONVERSION = YES_AGGRESSIVE;
				CLANG_CXX_LANGUAGE_STANDARD = "gnu++14";
				CLANG_CXX_LIBRARY = "libc++";
				CLANG_ENABLE_MODULES = YES;
				CLANG_ENABLE_OBJC_ARC = YES;
				CLANG_ENABLE_OBJC_WEAK = YES;
				CLANG_WARN_BLOCK_CAPTURE_AUTORELEASING = YES;
				CLANG_WARN_BOOL_CONVERSION = YES;
				CLANG_WARN_COMMA = YES;
				CLANG_WARN_CONSTANT_CONVERSION = YES;
				CLANG_WARN_DEPRECATED_OBJC_IMPLEMENTATIONS = YES;
				CLANG_WARN_DIRECT_OBJC_ISA_USAGE = YES_ERROR;
				CLANG_WARN_DOCUMENTATION_COMMENTS = YES;
				CLANG_WARN_EMPTY_BODY = YES;
				CLANG_WARN_ENUM_CONVERSION = YES;
				CLANG_WARN_INFINITE_RECURSION = YES;
				CLANG_WARN_INT_CONVERSION = YES;
				CLANG_WARN_NON_LITERAL_NULL_CONVERSION = YES;
				CLANG_WARN_OBJC_IMPLICIT_RETAIN_SELF = YES;
				CLANG_WARN_OBJC_LITERAL_CONVERSION = YES;
				CLANG_WARN_OBJC_ROOT_CLASS = YES_ERROR;
				CLANG_WARN_QUOTED_INCLUDE_IN_FRAMEWORK_HEADER = YES;
				CLANG_WARN_RANGE_LOOP_ANALYSIS = YES;
				CLANG_WARN_STRICT_PROTOTYPES = YES;
				CLANG_WARN_SUSPICIOUS_MOVE = YES;
				CLANG_WARN_UNGUARDED_AVAILABILITY = YES_AGGRESSIVE;
				CLANG_WARN_UNREACHABLE_CODE = YES;
				CLANG_WARN__DUPLICATE_METHOD_MATCH = YES;
				COPY_PHASE_STRIP = NO;
				DEBUG_INFORMATION_FORMAT = dwarf;
				ENABLE_STRICT_OBJC_MSGSEND = YES;
				ENABLE_TESTABILITY = YES;
				GCC_C_LANGUAGE_STANDARD = gnu11;
				GCC_DYNAMIC_NO_PIC = NO;
				GCC_NO_COMMON_BLOCKS = YES;
				GCC_OPTIMIZATION_LEVEL = 0;
				GCC_PREPROCESSOR_DEFINITIONS = (
					"DEBUG=1",
					"$(inherited)",
				);
				GCC_WARN_64_TO_32_BIT_CONVERSION = YES;
				GCC_WARN_ABOUT_RETURN_TYPE = YES_ERROR;
				GCC_WARN_UNDECLARED_SELECTOR = YES;
				GCC_WARN_UNINITIALIZED_AUTOS = YES_AGGRESSIVE;
				GCC_WARN_UNUSED_FUNCTION = YES;
				GCC_WARN_UNUSED_VARIABLE = YES;
				IPHONEOS_DEPLOYMENT_TARGET = 14.4;
				MTL_ENABLE_DEBUG_INFO = INCLUDE_SOURCE;
				MTL_FAST_MATH = YES;
				ONLY_ACTIVE_ARCH = YES;
				SDKROOT = iphoneos;
				SWIFT_ACTIVE_COMPILATION_CONDITIONS = DEBUG;
				SWIFT_OPTIMIZATION_LEVEL = "-Onone";
			};
			name = Debug;
		};
		EE4B6DB4261E3A310098B000 /* Release */ = {
			isa = XCBuildConfiguration;
			buildSettings = {
				ALWAYS_SEARCH_USER_PATHS = NO;
				CLANG_ANALYZER_NONNULL = YES;
				CLANG_ANALYZER_NUMBER_OBJECT_CONVERSION = YES_AGGRESSIVE;
				CLANG_CXX_LANGUAGE_STANDARD = "gnu++14";
				CLANG_CXX_LIBRARY = "libc++";
				CLANG_ENABLE_MODULES = YES;
				CLANG_ENABLE_OBJC_ARC = YES;
				CLANG_ENABLE_OBJC_WEAK = YES;
				CLANG_WARN_BLOCK_CAPTURE_AUTORELEASING = YES;
				CLANG_WARN_BOOL_CONVERSION = YES;
				CLANG_WARN_COMMA = YES;
				CLANG_WARN_CONSTANT_CONVERSION = YES;
				CLANG_WARN_DEPRECATED_OBJC_IMPLEMENTATIONS = YES;
				CLANG_WARN_DIRECT_OBJC_ISA_USAGE = YES_ERROR;
				CLANG_WARN_DOCUMENTATION_COMMENTS = YES;
				CLANG_WARN_EMPTY_BODY = YES;
				CLANG_WARN_ENUM_CONVERSION = YES;
				CLANG_WARN_INFINITE_RECURSION = YES;
				CLANG_WARN_INT_CONVERSION = YES;
				CLANG_WARN_NON_LITERAL_NULL_CONVERSION = YES;
				CLANG_WARN_OBJC_IMPLICIT_RETAIN_SELF = YES;
				CLANG_WARN_OBJC_LITERAL_CONVERSION = YES;
				CLANG_WARN_OBJC_ROOT_CLASS = YES_ERROR;
				CLANG_WARN_QUOTED_INCLUDE_IN_FRAMEWORK_HEADER = YES;
				CLANG_WARN_RANGE_LOOP_ANALYSIS = YES;
				CLANG_WARN_STRICT_PROTOTYPES = YES;
				CLANG_WARN_SUSPICIOUS_MOVE = YES;
				CLANG_WARN_UNGUARDED_AVAILABILITY = YES_AGGRESSIVE;
				CLANG_WARN_UNREACHABLE_CODE = YES;
				CLANG_WARN__DUPLICATE_METHOD_MATCH = YES;
				COPY_PHASE_STRIP = NO;
				DEBUG_INFORMATION_FORMAT = "dwarf-with-dsym";
				ENABLE_NS_ASSERTIONS = NO;
				ENABLE_STRICT_OBJC_MSGSEND = YES;
				GCC_C_LANGUAGE_STANDARD = gnu11;
				GCC_NO_COMMON_BLOCKS = YES;
				GCC_WARN_64_TO_32_BIT_CONVERSION = YES;
				GCC_WARN_ABOUT_RETURN_TYPE = YES_ERROR;
				GCC_WARN_UNDECLARED_SELECTOR = YES;
				GCC_WARN_UNINITIALIZED_AUTOS = YES_AGGRESSIVE;
				GCC_WARN_UNUSED_FUNCTION = YES;
				GCC_WARN_UNUSED_VARIABLE = YES;
				IPHONEOS_DEPLOYMENT_TARGET = 14.4;
				MTL_ENABLE_DEBUG_INFO = NO;
				MTL_FAST_MATH = YES;
				SDKROOT = iphoneos;
				SWIFT_COMPILATION_MODE = wholemodule;
				SWIFT_OPTIMIZATION_LEVEL = "-O";
				VALIDATE_PRODUCT = YES;
			};
			name = Release;
		};
		EE4B6DB6261E3A310098B000 /* Debug */ = {
			isa = XCBuildConfiguration;
			buildSettings = {
				ASSETCATALOG_COMPILER_APPICON_NAME = AppIcon;
				ASSETCATALOG_COMPILER_GLOBAL_ACCENT_COLOR_NAME = AccentColor;
				CODE_SIGN_STYLE = Automatic;
				DEVELOPMENT_ASSET_PATHS = "\"Grids/Preview Content\"";
				DEVELOPMENT_TEAM = 6KV8F2XT32;
				ENABLE_PREVIEWS = YES;
				INFOPLIST_FILE = Grids/Info.plist;
				IPHONEOS_DEPLOYMENT_TARGET = 14.0;
				LD_RUNPATH_SEARCH_PATHS = (
					"$(inherited)",
					"@executable_path/Frameworks",
				);
				PRODUCT_BUNDLE_IDENTIFIER = com.ac.Grids;
				PRODUCT_NAME = "$(TARGET_NAME)";
				SWIFT_VERSION = 5.0;
				TARGETED_DEVICE_FAMILY = "1,2";
			};
			name = Debug;
		};
		EE4B6DB7261E3A310098B000 /* Release */ = {
			isa = XCBuildConfiguration;
			buildSettings = {
				ASSETCATALOG_COMPILER_APPICON_NAME = AppIcon;
				ASSETCATALOG_COMPILER_GLOBAL_ACCENT_COLOR_NAME = AccentColor;
				CODE_SIGN_STYLE = Automatic;
				DEVELOPMENT_ASSET_PATHS = "\"Grids/Preview Content\"";
				DEVELOPMENT_TEAM = 6KV8F2XT32;
				ENABLE_PREVIEWS = YES;
				INFOPLIST_FILE = Grids/Info.plist;
				IPHONEOS_DEPLOYMENT_TARGET = 14.0;
				LD_RUNPATH_SEARCH_PATHS = (
					"$(inherited)",
					"@executable_path/Frameworks",
				);
				PRODUCT_BUNDLE_IDENTIFIER = com.ac.Grids;
				PRODUCT_NAME = "$(TARGET_NAME)";
				SWIFT_VERSION = 5.0;
				TARGETED_DEVICE_FAMILY = "1,2";
			};
			name = Release;
		};
		EE4B6DB9261E3A310098B000 /* Debug */ = {
			isa = XCBuildConfiguration;
			buildSettings = {
				ALWAYS_EMBED_SWIFT_STANDARD_LIBRARIES = YES;
				BUNDLE_LOADER = "$(TEST_HOST)";
				CODE_SIGN_STYLE = Automatic;
				DEVELOPMENT_TEAM = 6KV8F2XT32;
				INFOPLIST_FILE = GridsTests/Info.plist;
				IPHONEOS_DEPLOYMENT_TARGET = 14.0;
				LD_RUNPATH_SEARCH_PATHS = (
					"$(inherited)",
					"@executable_path/Frameworks",
					"@loader_path/Frameworks",
				);
				PRODUCT_BUNDLE_IDENTIFIER = com.ac.GridsTests;
				PRODUCT_NAME = "$(TARGET_NAME)";
				SWIFT_VERSION = 5.0;
				TARGETED_DEVICE_FAMILY = "1,2";
				TEST_HOST = "$(BUILT_PRODUCTS_DIR)/Grids.app/Grids";
			};
			name = Debug;
		};
		EE4B6DBA261E3A310098B000 /* Release */ = {
			isa = XCBuildConfiguration;
			buildSettings = {
				ALWAYS_EMBED_SWIFT_STANDARD_LIBRARIES = YES;
				BUNDLE_LOADER = "$(TEST_HOST)";
				CODE_SIGN_STYLE = Automatic;
				DEVELOPMENT_TEAM = 6KV8F2XT32;
				INFOPLIST_FILE = GridsTests/Info.plist;
				IPHONEOS_DEPLOYMENT_TARGET = 14.0;
				LD_RUNPATH_SEARCH_PATHS = (
					"$(inherited)",
					"@executable_path/Frameworks",
					"@loader_path/Frameworks",
				);
				PRODUCT_BUNDLE_IDENTIFIER = com.ac.GridsTests;
				PRODUCT_NAME = "$(TARGET_NAME)";
				SWIFT_VERSION = 5.0;
				TARGETED_DEVICE_FAMILY = "1,2";
				TEST_HOST = "$(BUILT_PRODUCTS_DIR)/Grids.app/Grids";
			};
			name = Release;
		};
		EE4B6DBC261E3A310098B000 /* Debug */ = {
			isa = XCBuildConfiguration;
			buildSettings = {
				ALWAYS_EMBED_SWIFT_STANDARD_LIBRARIES = YES;
				CODE_SIGN_STYLE = Automatic;
				DEVELOPMENT_TEAM = 6KV8F2XT32;
				INFOPLIST_FILE = GridsUITests/Info.plist;
				LD_RUNPATH_SEARCH_PATHS = (
					"$(inherited)",
					"@executable_path/Frameworks",
					"@loader_path/Frameworks",
				);
				PRODUCT_BUNDLE_IDENTIFIER = com.ac.GridsUITests;
				PRODUCT_NAME = "$(TARGET_NAME)";
				SWIFT_VERSION = 5.0;
				TARGETED_DEVICE_FAMILY = "1,2";
				TEST_TARGET_NAME = Grids;
			};
			name = Debug;
		};
		EE4B6DBD261E3A310098B000 /* Release */ = {
			isa = XCBuildConfiguration;
			buildSettings = {
				ALWAYS_EMBED_SWIFT_STANDARD_LIBRARIES = YES;
				CODE_SIGN_STYLE = Automatic;
				DEVELOPMENT_TEAM = 6KV8F2XT32;
				INFOPLIST_FILE = GridsUITests/Info.plist;
				LD_RUNPATH_SEARCH_PATHS = (
					"$(inherited)",
					"@executable_path/Frameworks",
					"@loader_path/Frameworks",
				);
				PRODUCT_BUNDLE_IDENTIFIER = com.ac.GridsUITests;
				PRODUCT_NAME = "$(TARGET_NAME)";
				SWIFT_VERSION = 5.0;
				TARGETED_DEVICE_FAMILY = "1,2";
				TEST_TARGET_NAME = Grids;
			};
			name = Release;
		};
/* End XCBuildConfiguration section */

/* Begin XCConfigurationList section */
		EE4B6D8B261E3A2E0098B000 /* Build configuration list for PBXProject "Grids" */ = {
			isa = XCConfigurationList;
			buildConfigurations = (
				EE4B6DB3261E3A310098B000 /* Debug */,
				EE4B6DB4261E3A310098B000 /* Release */,
			);
			defaultConfigurationIsVisible = 0;
			defaultConfigurationName = Release;
		};
		EE4B6DB5261E3A310098B000 /* Build configuration list for PBXNativeTarget "Grids" */ = {
			isa = XCConfigurationList;
			buildConfigurations = (
				EE4B6DB6261E3A310098B000 /* Debug */,
				EE4B6DB7261E3A310098B000 /* Release */,
			);
			defaultConfigurationIsVisible = 0;
			defaultConfigurationName = Release;
		};
		EE4B6DB8261E3A310098B000 /* Build configuration list for PBXNativeTarget "GridsTests" */ = {
			isa = XCConfigurationList;
			buildConfigurations = (
				EE4B6DB9261E3A310098B000 /* Debug */,
				EE4B6DBA261E3A310098B000 /* Release */,
			);
			defaultConfigurationIsVisible = 0;
			defaultConfigurationName = Release;
		};
		EE4B6DBB261E3A310098B000 /* Build configuration list for PBXNativeTarget "GridsUITests" */ = {
			isa = XCConfigurationList;
			buildConfigurations = (
				EE4B6DBC261E3A310098B000 /* Debug */,
				EE4B6DBD261E3A310098B000 /* Release */,
			);
			defaultConfigurationIsVisible = 0;
			defaultConfigurationName = Release;
		};
/* End XCConfigurationList section */
	};
	rootObject = EE4B6D88261E3A2E0098B000 /* Project object */;
}
